
Microsoft Visual Studio Solution File, Format Version 12.00
# Visual Studio Version 16
VisualStudioVersion = 16.0.31025.194
MinimumVisualStudioVersion = 10.0.40219.1
Project("{FAE04EC0-301F-11D3-BF4B-00C04F79EFBC}") = "2", "2\2.csproj", "{06AB097A-CE98-4BDC-97AD-E8609B2120CD}"
EndProject
Global
	GlobalSection(SolutionConfigurationPlatforms) = preSolution
		Debug|Any CPU = Debug|Any CPU
		Release|Any CPU = Release|Any CPU
	EndGlobalSection
	GlobalSection(ProjectConfigurationPlatforms) = postSolution
		{06AB097A-CE98-4BDC-97AD-E8609B2120CD}.Debug|Any CPU.ActiveCfg = Debug|Any CPU
		{06AB097A-CE98-4BDC-97AD-E8609B2120CD}.Debug|Any CPU.Build.0 = Debug|Any CPU
		{06AB097A-CE98-4BDC-97AD-E8609B2120CD}.Release|Any CPU.ActiveCfg = Release|Any CPU
		{06AB097A-CE98-4BDC-97AD-E8609B2120CD}.Release|Any CPU.Build.0 = Release|Any CPU
	EndGlobalSection
	GlobalSection(SolutionProperties) = preSolution
		HideSolutionNode = FALSE
	EndGlobalSection
	GlobalSection(ExtensibilityGlobals) = postSolution
		SolutionGuid = {16D6A705-6B50-488C-86B6-5C47616E19B8}
	EndGlobalSection
EndGlobal
