
Microsoft Visual Studio Solution File, Format Version 12.00
# Visual Studio Version 16
VisualStudioVersion = 16.0.31025.194
MinimumVisualStudioVersion = 10.0.40219.1
Project("{FAE04EC0-301F-11D3-BF4B-00C04F79EFBC}") = "2", "2\2.csproj", "{0332A93E-BD54-438F-9E7E-53D21EFCBB33}"
EndProject
Global
	GlobalSection(SolutionConfigurationPlatforms) = preSolution
		Debug|Any CPU = Debug|Any CPU
		Release|Any CPU = Release|Any CPU
	EndGlobalSection
	GlobalSection(ProjectConfigurationPlatforms) = postSolution
		{0332A93E-BD54-438F-9E7E-53D21EFCBB33}.Debug|Any CPU.ActiveCfg = Debug|Any CPU
		{0332A93E-BD54-438F-9E7E-53D21EFCBB33}.Debug|Any CPU.Build.0 = Debug|Any CPU
		{0332A93E-BD54-438F-9E7E-53D21EFCBB33}.Release|Any CPU.ActiveCfg = Release|Any CPU
		{0332A93E-BD54-438F-9E7E-53D21EFCBB33}.Release|Any CPU.Build.0 = Release|Any CPU
	EndGlobalSection
	GlobalSection(SolutionProperties) = preSolution
		HideSolutionNode = FALSE
	EndGlobalSection
	GlobalSection(ExtensibilityGlobals) = postSolution
		SolutionGuid = {936C6197-D6D3-4F58-874D-31015F21BFF3}
	EndGlobalSection
EndGlobal
