
Microsoft Visual Studio Solution File, Format Version 12.00
# Visual Studio Version 16
VisualStudioVersion = 16.0.31025.194
MinimumVisualStudioVersion = 10.0.40219.1
Project("{FAE04EC0-301F-11D3-BF4B-00C04F79EFBC}") = "1", "1\1.csproj", "{C56A21D2-DD71-4A61-B11F-FFE782B0DB7C}"
EndProject
Global
	GlobalSection(SolutionConfigurationPlatforms) = preSolution
		Debug|Any CPU = Debug|Any CPU
		Release|Any CPU = Release|Any CPU
	EndGlobalSection
	GlobalSection(ProjectConfigurationPlatforms) = postSolution
		{C56A21D2-DD71-4A61-B11F-FFE782B0DB7C}.Debug|Any CPU.ActiveCfg = Debug|Any CPU
		{C56A21D2-DD71-4A61-B11F-FFE782B0DB7C}.Debug|Any CPU.Build.0 = Debug|Any CPU
		{C56A21D2-DD71-4A61-B11F-FFE782B0DB7C}.Release|Any CPU.ActiveCfg = Release|Any CPU
		{C56A21D2-DD71-4A61-B11F-FFE782B0DB7C}.Release|Any CPU.Build.0 = Release|Any CPU
	EndGlobalSection
	GlobalSection(SolutionProperties) = preSolution
		HideSolutionNode = FALSE
	EndGlobalSection
	GlobalSection(ExtensibilityGlobals) = postSolution
		SolutionGuid = {F16CB81D-CFAB-4C41-B97D-94C1D890C1A6}
	EndGlobalSection
EndGlobal
